lockfileVersion: 5.4

specifiers:
  '@node-rs/jieba': ^1.6.1
  '@types/node': ^18.6.1
  typescript: ^4.7.4

dependencies:
  '@node-rs/jieba': 1.6.1

devDependencies:
  '@types/node': 18.6.1
  typescript: 4.7.4

packages:

  /@node-rs/jieba-android-arm-eabi/1.6.1:
    resolution: {integrity: sha512-R1YQfsPr7sK3Tq1sM0//6lNAGJK9RnMT0ShITT+7EJYr5OufUBb38lf/mRhrLxR0NF1pycEsMjdCAwrWrHd8rA==}
    engines: {node: '>= 10'}
    cpu: [arm]
    os: [android]
    requiresBuild: true
    dev: false
    optional: true

  /@node-rs/jieba-android-arm64/1.6.1:
    resolution: {integrity: sha512-hBRbj2uLmRFYDw2lWppTAPoyjeXkBKUT84h4fHUQj7CMU94Gc1IWkE4ocCqhvUhbaUXlCpocS9mB0/fc2641bw==}
    engines: {node: '>= 10'}
    cpu: [arm64]
    os: [android]
    requiresBuild: true
    dev: false
    optional: true

  /@node-rs/jieba-darwin-arm64/1.6.1:
    resolution: {integrity: sha512-GeoDe7XVTF6z8JUtD98QvwudsMaHV5EBXs5uO43SobeIkShH3Nujq5gLMD5kWoJXTxDrTgJe4wT42EwUaBEH2Q==}
    engines: {node: '>= 10'}
    cpu: [arm64]
    os: [darwin]
    requiresBuild: true
    dev: false
    optional: true

  /@node-rs/jieba-darwin-x64/1.6.1:
    resolution: {integrity: sha512-ENHYIS8b8JdMaUXEm0f8Y3+sHXu2UdukG1D/XGUNx+q5cn07HbwIg6L0tlGhE8dw4AhqoWHsExVaZ241Igh4iA==}
    engines: {node: '>= 10'}
    cpu: [x64]
    os: [darwin]
    requiresBuild: true
    dev: false
    optional: true

  /@node-rs/jieba-freebsd-x64/1.6.1:
    resolution: {integrity: sha512-chwB/9edtxqS8Jm3j4RMaJjH9AlXmijUgKv02oMw36e77HKpko+tENUN25Vrn/9GKsKGqIPeXpmCjeXCN1HVQA==}
    engines: {node: '>= 10'}
    cpu: [x64]
    os: [freebsd]
    requiresBuild: true
    dev: false
    optional: true

  /@node-rs/jieba-linux-arm-gnueabihf/1.6.1:
    resolution: {integrity: sha512-tsb5fMGj4p8bHGfkf7bJ+HE2jxaixLTp3YnGg5D+kp8+HQRq8cp3ScG5cn8cq0phnJS/zfAp8rVfWInDagzKKQ==}
    engines: {node: '>= 10'}
    cpu: [arm]
    os: [linux]
    requiresBuild: true
    dev: false
    optional: true

  /@node-rs/jieba-linux-arm64-gnu/1.6.1:
    resolution: {integrity: sha512-bSInORkJFfeZNR+i4rFoSZGbwkQtQlnZ0XfT/noTK9JUBDYErqQZPFjoaYAU45NWTk7p6Zkg30SuV1NTdWLaPw==}
    engines: {node: '>= 10'}
    cpu: [arm64]
    os: [linux]
    requiresBuild: true
    dev: false
    optional: true

  /@node-rs/jieba-linux-arm64-musl/1.6.1:
    resolution: {integrity: sha512-qphL6xM7owfU8Hsh7GX73SDr/iApbnc+35mSLxbibAfCQnY89+WcBeWUUOSGM/Ov3VFaq4pyVlDFj0YjR01W2w==}
    engines: {node: '>= 10'}
    cpu: [arm64]
    os: [linux]
    requiresBuild: true
    dev: false
    optional: true

  /@node-rs/jieba-linux-x64-gnu/1.6.1:
    resolution: {integrity: sha512-f6hhlrbi2wel0xZG7m3Wvksimt9MSu1f3aYO2Kwavf4qjMRZqJzLz9HlCJAal6AXB9Qgg+685P+gftsWve47qw==}
    engines: {node: '>= 10'}
    cpu: [x64]
    os: [linux]
    requiresBuild: true
    dev: false
    optional: true

  /@node-rs/jieba-linux-x64-musl/1.6.1:
    resolution: {integrity: sha512-cTVcdR6zWqpnmdEUyWEII9zfE5lTeWN53TbiOPx8TCA+291/31Vqd7GA8YEPndUO8qgCx5uShSDFStBAEIhYNQ==}
    engines: {node: '>= 10'}
    cpu: [x64]
    os: [linux]
    requiresBuild: true
    dev: false
    optional: true

  /@node-rs/jieba-win32-arm64-msvc/1.6.1:
    resolution: {integrity: sha512-YuOTrjHazDraXcGXRHgPQ53nyJuH8QtTCngYKjAzxsdt8uN+txb1AY69OLMLBBZqLTOwY9dgcW70vGiLQMCTeg==}
    engines: {node: '>= 10'}
    cpu: [arm64]
    os: [win32]
    requiresBuild: true
    dev: false
    optional: true

  /@node-rs/jieba-win32-ia32-msvc/1.6.1:
    resolution: {integrity: sha512-4+E843ImGpVlZ+LlT9E/13NHmmUg3UHQx419D6fFMorJUUQuK4cZJfE1z4tCgcrbV8S5Wew5LIFywlJeJLu0LQ==}
    engines: {node: '>= 10'}
    cpu: [ia32]
    os: [win32]
    requiresBuild: true
    dev: false
    optional: true

  /@node-rs/jieba-win32-x64-msvc/1.6.1:
    resolution: {integrity: sha512-veXNwm2VlseOzl7vaC7A/nZ4okp5/6edN7/Atj6mXnUbze/m/my5Rv5zUcW3U1D9VElnQ3srCHCa5vXljJuk6g==}
    engines: {node: '>= 10'}
    cpu: [x64]
    os: [win32]
    requiresBuild: true
    dev: false
    optional: true

  /@node-rs/jieba/1.6.1:
    resolution: {integrity: sha512-pISKu8NIYKRvZp7mhYZYA8VCjJMqTsCe+mQcFFnAi3GNJsijGjef2peMFeDcvP72X8MsnNeYeg3rHkAybtefyQ==}
    engines: {node: '>= 10'}
    optionalDependencies:
      '@node-rs/jieba-android-arm-eabi': 1.6.1
      '@node-rs/jieba-android-arm64': 1.6.1
      '@node-rs/jieba-darwin-arm64': 1.6.1
      '@node-rs/jieba-darwin-x64': 1.6.1
      '@node-rs/jieba-freebsd-x64': 1.6.1
      '@node-rs/jieba-linux-arm-gnueabihf': 1.6.1
      '@node-rs/jieba-linux-arm64-gnu': 1.6.1
      '@node-rs/jieba-linux-arm64-musl': 1.6.1
      '@node-rs/jieba-linux-x64-gnu': 1.6.1
      '@node-rs/jieba-linux-x64-musl': 1.6.1
      '@node-rs/jieba-win32-arm64-msvc': 1.6.1
      '@node-rs/jieba-win32-ia32-msvc': 1.6.1
      '@node-rs/jieba-win32-x64-msvc': 1.6.1
    dev: false

  /@types/node/18.6.1:
    resolution: {integrity: sha512-z+2vB6yDt1fNwKOeGbckpmirO+VBDuQqecXkgeIqDlaOtmKn6hPR/viQ8cxCfqLU4fTlvM3+YjM367TukWdxpg==}
    dev: true

  /typescript/4.7.4:
    resolution: {integrity: sha512-C0WQT0gezHuw6AdY1M2jxUO83Rjf0HP7Sk1DtXj6j1EwkQNZrHAg2XPWlq62oqEhYvONq5pkC2Y9oPljWToLmQ==}
    engines: {node: '>=4.2.0'}
    hasBin: true
    dev: true
